
Microsoft Visual Studio Solution File, Format Version 12.00
# Visual Studio Version 17
VisualStudioVersion = 17.11.35303.130
MinimumVisualStudioVersion = 10.0.40219.1
Project("{FAE04EC0-301F-11D3-BF4B-00C04F79EFBC}") = "PR_4", "PR_4.csproj", "{4BFFF4CF-8E3E-487B-A9EB-14DF75E3276F}"
EndProject
Global
	GlobalSection(SolutionConfigurationPlatforms) = preSolution
		Debug|Any CPU = Debug|Any CPU
		Release|Any CPU = Release|Any CPU
	EndGlobalSection
	GlobalSection(ProjectConfigurationPlatforms) = postSolution
		{4BFFF4CF-8E3E-487B-A9EB-14DF75E3276F}.Debug|Any CPU.ActiveCfg = Debug|Any CPU
		{4BFFF4CF-8E3E-487B-A9EB-14DF75E3276F}.Debug|Any CPU.Build.0 = Debug|Any CPU
		{4BFFF4CF-8E3E-487B-A9EB-14DF75E3276F}.Release|Any CPU.ActiveCfg = Release|Any CPU
		{4BFFF4CF-8E3E-487B-A9EB-14DF75E3276F}.Release|Any CPU.Build.0 = Release|Any CPU
	EndGlobalSection
	GlobalSection(SolutionProperties) = preSolution
		HideSolutionNode = FALSE
	EndGlobalSection
	GlobalSection(ExtensibilityGlobals) = postSolution
		SolutionGuid = {B67D7753-F501-4D3B-A2F8-83AAA54FC0EC}
	EndGlobalSection
EndGlobal
